// !$*UTF8*$!
{
	archiveVersion = 1;
	classes = {
	};
	objectVersion = 46;
	objects = {

/* Begin PBXBuildFile section */
		40E634021D55795000F1DDFE /* AppDelegate.swift in Sources */ = {isa = PBXBuildFile; fileRef = 40E634011D55795000F1DDFE /* AppDelegate.swift */; };
		40E634041D55795000F1DDFE /* ViewController.swift in Sources */ = {isa = PBXBuildFile; fileRef = 40E634031D55795000F1DDFE /* ViewController.swift */; };
		40E634061D55795000F1DDFE /* Assets.xcassets in Resources */ = {isa = PBXBuildFile; fileRef = 40E634051D55795000F1DDFE /* Assets.xcassets */; };
		40E634091D55795000F1DDFE /* Main.storyboard in Resources */ = {isa = PBXBuildFile; fileRef = 40E634071D55795000F1DDFE /* Main.storyboard */; };
		40E634111D557A8F00F1DDFE /* DSC_0008.JPG in Resources */ = {isa = PBXBuildFile; fileRef = 40E634101D557A8F00F1DDFE /* DSC_0008.JPG */; };
/* End PBXBuildFile section */

/* Begin PBXFileReference section */
		40E633FE1D55795000F1DDFE /* Sharing Service Image Markup Demo.app */ = {isa = PBXFileReference; explicitFileType = wrapper.application; includeInIndex = 0; path = "Sharing Service Image Markup Demo.app"; sourceTree = BUILT_PRODUCTS_DIR; };
		40E634011D55795000F1DDFE /* AppDelegate.swift */ = {isa = PBXFileReference; lastKnownFileType = sourcecode.swift; path = AppDelegate.swift; sourceTree = "<group>"; };
		40E634031D55795000F1DDFE /* ViewController.swift */ = {isa = PBXFileReference; lastKnownFileType = sourcecode.swift; path = ViewController.swift; sourceTree = "<group>"; };
		40E634051D55795000F1DDFE /* Assets.xcassets */ = {isa = PBXFileReference; lastKnownFileType = folder.assetcatalog; path = Assets.xcassets; sourceTree = "<group>"; };
		40E634081D55795000F1DDFE /* Base */ = {isa = PBXFileReference; lastKnownFileType = file.storyboard; name = Base; path = Base.lproj/Main.storyboard; sourceTree = "<group>"; };
		40E6340A1D55795000F1DDFE /* Info.plist */ = {isa = PBXFileReference; lastKnownFileType = text.plist.xml; path = Info.plist; sourceTree = "<group>"; };
		40E634101D557A8F00F1DDFE /* DSC_0008.JPG */ = {isa = PBXFileReference; lastKnownFileType = image.jpeg; path = DSC_0008.JPG; sourceTree = "<group>"; };
/* End PBXFileReference section */

/* Begin PBXFrameworksBuildPhase section */
		40E633FB1D55795000F1DDFE /* Frameworks */ = {
			isa = PBXFrameworksBuildPhase;
			buildActionMask = 2147483647;
			files = (
			);
			runOnlyForDeploymentPostprocessing = 0;
		};
/* End PBXFrameworksBuildPhase section */

/* Begin PBXGroup section */
		40E633F51D55795000F1DDFE = {
			isa = PBXGroup;
			children = (
				40E634001D55795000F1DDFE /* Sharing Service Image Markup Demo */,
				40E633FF1D55795000F1DDFE /* Products */,
			);
			sourceTree = "<group>";
		};
		40E633FF1D55795000F1DDFE /* Products */ = {
			isa = PBXGroup;
			children = (
				40E633FE1D55795000F1DDFE /* Sharing Service Image Markup Demo.app */,
			);
			name = Products;
			sourceTree = "<group>";
		};
		40E634001D55795000F1DDFE /* Sharing Service Image Markup Demo */ = {
			isa = PBXGroup;
			children = (
				40E634011D55795000F1DDFE /* AppDelegate.swift */,
				40E634031D55795000F1DDFE /* ViewController.swift */,
				40E634051D55795000F1DDFE /* Assets.xcassets */,
				40E634071D55795000F1DDFE /* Main.storyboard */,
				40E6340A1D55795000F1DDFE /* Info.plist */,
				40E634101D557A8F00F1DDFE /* DSC_0008.JPG */,
			);
			path = "Sharing Service Image Markup Demo";
			sourceTree = "<group>";
		};
/* End PBXGroup section */

/* Begin PBXNativeTarget section */
		40E633FD1D55795000F1DDFE /* Sharing Service Image Markup Demo */ = {
			isa = PBXNativeTarget;
			buildConfigurationList = 40E6340D1D55795000F1DDFE /* Build configuration list for PBXNativeTarget "Sharing Service Image Markup Demo" */;
			buildPhases = (
				40E633FA1D55795000F1DDFE /* Sources */,
				40E633FB1D55795000F1DDFE /* Frameworks */,
				40E633FC1D55795000F1DDFE /* Resources */,
			);
			buildRules = (
			);
			dependencies = (
			);
			name = "Sharing Service Image Markup Demo";
			productName = "Sharing Service Image Markup Demo";
			productReference = 40E633FE1D55795000F1DDFE /* Sharing Service Image Markup Demo.app */;
			productType = "com.apple.product-type.application";
		};
/* End PBXNativeTarget section */

/* Begin PBXProject section */
		40E633F61D55795000F1DDFE /* Project object */ = {
			isa = PBXProject;
			attributes = {
				LastSwiftUpdateCheck = 0800;
				LastUpgradeCheck = 0800;
				ORGANIZATIONNAME = "Mark Thalman";
				TargetAttributes = {
					40E633FD1D55795000F1DDFE = {
						CreatedOnToolsVersion = 8.0;
						DevelopmentTeam = 847SHRGQ3Q;
						ProvisioningStyle = Automatic;
					};
				};
			};
			buildConfigurationList = 40E633F91D55795000F1DDFE /* Build configuration list for PBXProject "Sharing Service Image Markup Demo" */;
			compatibilityVersion = "Xcode 3.2";
			developmentRegion = English;
			hasScannedForEncodings = 0;
			knownRegions = (
				en,
				Base,
			);
			mainGroup = 40E633F51D55795000F1DDFE;
			productRefGroup = 40E633FF1D55795000F1DDFE /* Products */;
			projectDirPath = "";
			projectRoot = "";
			targets = (
				40E633FD1D55795000F1DDFE /* Sharing Service Image Markup Demo */,
			);
		};
/* End PBXProject section */

/* Begin PBXResourcesBuildPhase section */
		40E633FC1D55795000F1DDFE /* Resources */ = {
			isa = PBXResourcesBuildPhase;
			buildActionMask = 2147483647;
			files = (
				40E634111D557A8F00F1DDFE /* DSC_0008.JPG in Resources */,
				40E634061D55795000F1DDFE /* Assets.xcassets in Resources */,
				40E634091D55795000F1DDFE /* Main.storyboard in Resources */,
			);
			runOnlyForDeploymentPostprocessing = 0;
		};
/* End PBXResourcesBuildPhase section */

/* Begin PBXSourcesBuildPhase section */
		40E633FA1D55795000F1DDFE /* Sources */ = {
			isa = PBXSourcesBuildPhase;
			buildActionMask = 2147483647;
			files = (
				40E634041D55795000F1DDFE /* ViewController.swift in Sources */,
				40E634021D55795000F1DDFE /* AppDelegate.swift in Sources */,
			);
			runOnlyForDeploymentPostprocessing = 0;
		};
/* End PBXSourcesBuildPhase section */

/* Begin PBXVariantGroup section */
		40E634071D55795000F1DDFE /* Main.storyboard */ = {
			isa = PBXVariantGroup;
			children = (
				40E634081D55795000F1DDFE /* Base */,
			);
			name = Main.storyboard;
			sourceTree = "<group>";
		};
/* End PBXVariantGroup section */

/* Begin XCBuildConfiguration section */
		40E6340B1D55795000F1DDFE /* Debug */ = {
			isa = XCBuildConfiguration;
			buildSettings = {
				ALWAYS_SEARCH_USER_PATHS = NO;
				CLANG_ANALYZER_NONNULL = YES;
				CLANG_CXX_LANGUAGE_STANDARD = "gnu++0x";
				CLANG_CXX_LIBRARY = "libc++";
				CLANG_ENABLE_MODULES = YES;
				CLANG_ENABLE_OBJC_ARC = YES;
				CLANG_WARN_BOOL_CONVERSION = YES;
				CLANG_WARN_CONSTANT_CONVERSION = YES;
				CLANG_WARN_DIRECT_OBJC_ISA_USAGE = YES_ERROR;
				CLANG_WARN_DOCUMENTATION_COMMENTS = YES;
				CLANG_WARN_EMPTY_BODY = YES;
				CLANG_WARN_ENUM_CONVERSION = YES;
				CLANG_WARN_INFINITE_RECURSION = YES;
				CLANG_WARN_INT_CONVERSION = YES;
				CLANG_WARN_OBJC_ROOT_CLASS = YES_ERROR;
				CLANG_WARN_SUSPICIOUS_MOVES = YES;
				CLANG_WARN_UNREACHABLE_CODE = YES;
				CLANG_WARN__DUPLICATE_METHOD_MATCH = YES;
				CODE_SIGN_IDENTITY = "-";
				COPY_PHASE_STRIP = NO;
				DEBUG_INFORMATION_FORMAT = dwarf;
				ENABLE_STRICT_OBJC_MSGSEND = YES;
				ENABLE_TESTABILITY = YES;
				GCC_C_LANGUAGE_STANDARD = gnu99;
				GCC_DYNAMIC_NO_PIC = NO;
				GCC_NO_COMMON_BLOCKS = YES;
				GCC_OPTIMIZATION_LEVEL = 0;
				GCC_PREPROCESSOR_DEFINITIONS = (
					"DEBUG=1",
					"$(inherited)",
				);
				GCC_WARN_64_TO_32_BIT_CONVERSION = YES;
				GCC_WARN_ABOUT_RETURN_TYPE = YES_ERROR;
				GCC_WARN_UNDECLARED_SELECTOR = YES;
				GCC_WARN_UNINITIALIZED_AUTOS = YES_AGGRESSIVE;
				GCC_WARN_UNUSED_FUNCTION = YES;
				GCC_WARN_UNUSED_VARIABLE = YES;
				MACOSX_DEPLOYMENT_TARGET = 10.11;
				MTL_ENABLE_DEBUG_INFO = YES;
				ONLY_ACTIVE_ARCH = YES;
				SDKROOT = macosx;
				SWIFT_ACTIVE_COMPILATION_CONDITIONS = DEBUG;
				SWIFT_OPTIMIZATION_LEVEL = "-Onone";
			};
			name = Debug;
		};
		40E6340C1D55795000F1DDFE /* Release */ = {
			isa = XCBuildConfiguration;
			buildSettings = {
				ALWAYS_SEARCH_USER_PATHS = NO;
				CLANG_ANALYZER_NONNULL = YES;
				CLANG_CXX_LANGUAGE_STANDARD = "gnu++0x";
				CLANG_CXX_LIBRARY = "libc++";
				CLANG_ENABLE_MODULES = YES;
				CLANG_ENABLE_OBJC_ARC = YES;
				CLANG_WARN_BOOL_CONVERSION = YES;
				CLANG_WARN_CONSTANT_CONVERSION = YES;
				CLANG_WARN_DIRECT_OBJC_ISA_USAGE = YES_ERROR;
				CLANG_WARN_DOCUMENTATION_COMMENTS = YES;
				CLANG_WARN_EMPTY_BODY = YES;
				CLANG_WARN_ENUM_CONVERSION = YES;
				CLANG_WARN_INFINITE_RECURSION = YES;
				CLANG_WARN_INT_CONVERSION = YES;
				CLANG_WARN_OBJC_ROOT_CLASS = YES_ERROR;
				CLANG_WARN_SUSPICIOUS_MOVES = YES;
				CLANG_WARN_UNREACHABLE_CODE = YES;
				CLANG_WARN__DUPLICATE_METHOD_MATCH = YES;
				CODE_SIGN_IDENTITY = "-";
				COPY_PHASE_STRIP = NO;
				DEBUG_INFORMATION_FORMAT = "dwarf-with-dsym";
				ENABLE_NS_ASSERTIONS = NO;
				ENABLE_STRICT_OBJC_MSGSEND = YES;
				GCC_C_LANGUAGE_STANDARD = gnu99;
				GCC_NO_COMMON_BLOCKS = YES;
				GCC_WARN_64_TO_32_BIT_CONVERSION = YES;
				GCC_WARN_ABOUT_RETURN_TYPE = YES_ERROR;
				GCC_WARN_UNDECLARED_SELECTOR = YES;
				GCC_WARN_UNINITIALIZED_AUTOS = YES_AGGRESSIVE;
				GCC_WARN_UNUSED_FUNCTION = YES;
				GCC_WARN_UNUSED_VARIABLE = YES;
				MACOSX_DEPLOYMENT_TARGET = 10.11;
				MTL_ENABLE_DEBUG_INFO = NO;
				SDKROOT = macosx;
				SWIFT_OPTIMIZATION_LEVEL = "-Owholemodule";
			};
			name = Release;
		};
		40E6340E1D55795000F1DDFE /* Debug */ = {
			isa = XCBuildConfiguration;
			buildSettings = {
				ASSETCATALOG_COMPILER_APPICON_NAME = AppIcon;
				COMBINE_HIDPI_IMAGES = YES;
				DEVELOPMENT_TEAM = 847SHRGQ3Q;
				INFOPLIST_FILE = "Sharing Service Image Markup Demo/Info.plist";
				LD_RUNPATH_SEARCH_PATHS = "$(inherited) @executable_path/../Frameworks";
				PRODUCT_BUNDLE_IDENTIFIER = "mthalman.Sharing-Service-Image-Markup-Demo";
				PRODUCT_NAME = "$(TARGET_NAME)";
				SWIFT_VERSION = 2.3;
			};
			name = Debug;
		};
		40E6340F1D55795000F1DDFE /* Release */ = {
			isa = XCBuildConfiguration;
			buildSettings = {
				ASSETCATALOG_COMPILER_APPICON_NAME = AppIcon;
				COMBINE_HIDPI_IMAGES = YES;
				DEVELOPMENT_TEAM = 847SHRGQ3Q;
				INFOPLIST_FILE = "Sharing Service Image Markup Demo/Info.plist";
				LD_RUNPATH_SEARCH_PATHS = "$(inherited) @executable_path/../Frameworks";
				PRODUCT_BUNDLE_IDENTIFIER = "mthalman.Sharing-Service-Image-Markup-Demo";
				PRODUCT_NAME = "$(TARGET_NAME)";
				SWIFT_VERSION = 2.3;
			};
			name = Release;
		};
/* End XCBuildConfiguration section */

/* Begin XCConfigurationList section */
		40E633F91D55795000F1DDFE /* Build configuration list for PBXProject "Sharing Service Image Markup Demo" */ = {
			isa = XCConfigurationList;
			buildConfigurations = (
				40E6340B1D55795000F1DDFE /* Debug */,
				40E6340C1D55795000F1DDFE /* Release */,
			);
			defaultConfigurationIsVisible = 0;
			defaultConfigurationName = Release;
		};
		40E6340D1D55795000F1DDFE /* Build configuration list for PBXNativeTarget "Sharing Service Image Markup Demo" */ = {
			isa = XCConfigurationList;
			buildConfigurations = (
				40E6340E1D55795000F1DDFE /* Debug */,
				40E6340F1D55795000F1DDFE /* Release */,
			);
			defaultConfigurationIsVisible = 0;
			defaultConfigurationName = Release;
		};
/* End XCConfigurationList section */
	};
	rootObject = 40E633F61D55795000F1DDFE /* Project object */;
}
